
Microsoft Visual Studio Solution File, Format Version 12.00
# Visual Studio Version 16
VisualStudioVersion = 16.0.30907.101
MinimumVisualStudioVersion = 10.0.40219.1
Project("{FAE04EC0-301F-11D3-BF4B-00C04F79EFBC}") = "Ejercicio19", "Ejercicio19\Ejercicio19.csproj", "{6411C263-8330-471A-AEE2-5A40C3EA3362}"
EndProject
Global
	GlobalSection(SolutionConfigurationPlatforms) = preSolution
		Debug|Any CPU = Debug|Any CPU
		Release|Any CPU = Release|Any CPU
	EndGlobalSection
	GlobalSection(ProjectConfigurationPlatforms) = postSolution
		{6411C263-8330-471A-AEE2-5A40C3EA3362}.Debug|Any CPU.ActiveCfg = Debug|Any CPU
		{6411C263-8330-471A-AEE2-5A40C3EA3362}.Debug|Any CPU.Build.0 = Debug|Any CPU
		{6411C263-8330-471A-AEE2-5A40C3EA3362}.Release|Any CPU.ActiveCfg = Release|Any CPU
		{6411C263-8330-471A-AEE2-5A40C3EA3362}.Release|Any CPU.Build.0 = Release|Any CPU
	EndGlobalSection
	GlobalSection(SolutionProperties) = preSolution
		HideSolutionNode = FALSE
	EndGlobalSection
	GlobalSection(ExtensibilityGlobals) = postSolution
		SolutionGuid = {E3BA51D4-8021-4EF4-B9AD-1A80F7BB6583}
	EndGlobalSection
EndGlobal
